{
  "name": "assets",
  "version": "1.0.0",
  "lockfileVersion": 3,
  "requires": true,
  "packages": {
    "": {
      "name": "assets",
      "version": "1.0.0",
      "license": "ISC",
      "dependencies": {
        "zpl-renderer-js": "^3.2.2"
      }
    },
    "node_modules/zpl-renderer-js": {
      "version": "3.2.2",
      "resolved": "https://registry.npmjs.org/zpl-renderer-js/-/zpl-renderer-js-3.2.2.tgz",
      "integrity": "sha512-LBncHpu3afe7R+P/GKcEGJADo6qv/qs2fpbLP54Dfn13o7LHwzesLasfPvCvS5nWVa8V19UQyIQpd8ff34i1pQ==",
      "license": "MIT"
    }
  }
}
